
Microsoft Visual Studio Solution File, Format Version 12.00
# Visual Studio Version 17
VisualStudioVersion = 17.7.34024.191
MinimumVisualStudioVersion = 10.0.40219.1
Project("{FAE04EC0-301F-11D3-BF4B-00C04F79EFBC}") = "Caso_Cubicuadraje", "Caso_Cubicuadraje\Caso_Cubicuadraje.csproj", "{BCB609ED-7888-4E36-8F16-C9C352696AAD}"
EndProject
Global
	GlobalSection(SolutionConfigurationPlatforms) = preSolution
		Debug|Any CPU = Debug|Any CPU
		Release|Any CPU = Release|Any CPU
	EndGlobalSection
	GlobalSection(ProjectConfigurationPlatforms) = postSolution
		{BCB609ED-7888-4E36-8F16-C9C352696AAD}.Debug|Any CPU.ActiveCfg = Debug|Any CPU
		{BCB609ED-7888-4E36-8F16-C9C352696AAD}.Debug|Any CPU.Build.0 = Debug|Any CPU
		{BCB609ED-7888-4E36-8F16-C9C352696AAD}.Release|Any CPU.ActiveCfg = Release|Any CPU
		{BCB609ED-7888-4E36-8F16-C9C352696AAD}.Release|Any CPU.Build.0 = Release|Any CPU
	EndGlobalSection
	GlobalSection(SolutionProperties) = preSolution
		HideSolutionNode = FALSE
	EndGlobalSection
	GlobalSection(ExtensibilityGlobals) = postSolution
		SolutionGuid = {0CD445BF-E73A-4AC1-B3FC-8CB50E0229DD}
	EndGlobalSection
EndGlobal
